
Microsoft Visual Studio Solution File, Format Version 12.00
# Visual Studio 15
VisualStudioVersion = 15.0.27703.2026
MinimumVisualStudioVersion = 10.0.40219.1
Project("{FAE04EC0-301F-11D3-BF4B-00C04F79EFBC}") = "智能高速收费系统", "智能高速收费系统\智能高速收费系统.csproj", "{E99615F5-2DB9-4548-B17E-E6E2946E574E}"
	ProjectSection(ProjectDependencies) = postProject
		{6DDE6F6B-34FC-42FA-88E8-6CE11AAB4DE6} = {6DDE6F6B-34FC-42FA-88E8-6CE11AAB4DE6}
	EndProjectSection
EndProject
Project("{FAE04EC0-301F-11D3-BF4B-00C04F79EFBC}") = "后台管理系统", "后台管理系统\后台管理系统.csproj", "{CFE76ED6-FCDD-478E-A52E-873C9209BB01}"
	ProjectSection(ProjectDependencies) = postProject
		{6DDE6F6B-34FC-42FA-88E8-6CE11AAB4DE6} = {6DDE6F6B-34FC-42FA-88E8-6CE11AAB4DE6}
		{1749CFBD-3B9A-4D27-B1F6-7F7DE92C560B} = {1749CFBD-3B9A-4D27-B1F6-7F7DE92C560B}
	EndProjectSection
EndProject
Project("{FAE04EC0-301F-11D3-BF4B-00C04F79EFBC}") = "DAL", "DAL\DAL.csproj", "{1749CFBD-3B9A-4D27-B1F6-7F7DE92C560B}"
EndProject
Project("{FAE04EC0-301F-11D3-BF4B-00C04F79EFBC}") = "BLL", "BLL\BLL.csproj", "{6DDE6F6B-34FC-42FA-88E8-6CE11AAB4DE6}"
	ProjectSection(ProjectDependencies) = postProject
		{1749CFBD-3B9A-4D27-B1F6-7F7DE92C560B} = {1749CFBD-3B9A-4D27-B1F6-7F7DE92C560B}
	EndProjectSection
EndProject
Project("{FAE04EC0-301F-11D3-BF4B-00C04F79EFBC}") = "自动收费系统", "自动收费系统\自动收费系统.csproj", "{CF9D185A-3E17-4D2B-9359-0C760F73FC4F}"
	ProjectSection(ProjectDependencies) = postProject
		{6DDE6F6B-34FC-42FA-88E8-6CE11AAB4DE6} = {6DDE6F6B-34FC-42FA-88E8-6CE11AAB4DE6}
	EndProjectSection
EndProject
Project("{FAE04EC0-301F-11D3-BF4B-00C04F79EFBC}") = "交警信息管理系统", "交警信息管理系统\交警信息管理系统.csproj", "{F2EC83BA-4C9B-4A71-98A6-E826C4189527}"
EndProject
Project("{FAE04EC0-301F-11D3-BF4B-00C04F79EFBC}") = "收费站管理人员系统", "收费站管理人员系统\收费站管理人员系统.csproj", "{0F7C06C8-455E-451A-9B5D-93B904F0F162}"
	ProjectSection(ProjectDependencies) = postProject
		{6DDE6F6B-34FC-42FA-88E8-6CE11AAB4DE6} = {6DDE6F6B-34FC-42FA-88E8-6CE11AAB4DE6}
		{1749CFBD-3B9A-4D27-B1F6-7F7DE92C560B} = {1749CFBD-3B9A-4D27-B1F6-7F7DE92C560B}
	EndProjectSection
EndProject
Global
	GlobalSection(SolutionConfigurationPlatforms) = preSolution
		Debug|Any CPU = Debug|Any CPU
		Release|Any CPU = Release|Any CPU
	EndGlobalSection
	GlobalSection(ProjectConfigurationPlatforms) = postSolution
		{E99615F5-2DB9-4548-B17E-E6E2946E574E}.Debug|Any CPU.ActiveCfg = Debug|Any CPU
		{E99615F5-2DB9-4548-B17E-E6E2946E574E}.Debug|Any CPU.Build.0 = Debug|Any CPU
		{E99615F5-2DB9-4548-B17E-E6E2946E574E}.Release|Any CPU.ActiveCfg = Release|Any CPU
		{E99615F5-2DB9-4548-B17E-E6E2946E574E}.Release|Any CPU.Build.0 = Release|Any CPU
		{CFE76ED6-FCDD-478E-A52E-873C9209BB01}.Debug|Any CPU.ActiveCfg = Debug|Any CPU
		{CFE76ED6-FCDD-478E-A52E-873C9209BB01}.Debug|Any CPU.Build.0 = Debug|Any CPU
		{CFE76ED6-FCDD-478E-A52E-873C9209BB01}.Release|Any CPU.ActiveCfg = Release|Any CPU
		{CFE76ED6-FCDD-478E-A52E-873C9209BB01}.Release|Any CPU.Build.0 = Release|Any CPU
		{1749CFBD-3B9A-4D27-B1F6-7F7DE92C560B}.Debug|Any CPU.ActiveCfg = Debug|Any CPU
		{1749CFBD-3B9A-4D27-B1F6-7F7DE92C560B}.Debug|Any CPU.Build.0 = Debug|Any CPU
		{1749CFBD-3B9A-4D27-B1F6-7F7DE92C560B}.Release|Any CPU.ActiveCfg = Release|Any CPU
		{1749CFBD-3B9A-4D27-B1F6-7F7DE92C560B}.Release|Any CPU.Build.0 = Release|Any CPU
		{6DDE6F6B-34FC-42FA-88E8-6CE11AAB4DE6}.Debug|Any CPU.ActiveCfg = Debug|Any CPU
		{6DDE6F6B-34FC-42FA-88E8-6CE11AAB4DE6}.Debug|Any CPU.Build.0 = Debug|Any CPU
		{6DDE6F6B-34FC-42FA-88E8-6CE11AAB4DE6}.Release|Any CPU.ActiveCfg = Release|Any CPU
		{6DDE6F6B-34FC-42FA-88E8-6CE11AAB4DE6}.Release|Any CPU.Build.0 = Release|Any CPU
		{CF9D185A-3E17-4D2B-9359-0C760F73FC4F}.Debug|Any CPU.ActiveCfg = Debug|Any CPU
		{CF9D185A-3E17-4D2B-9359-0C760F73FC4F}.Debug|Any CPU.Build.0 = Debug|Any CPU
		{CF9D185A-3E17-4D2B-9359-0C760F73FC4F}.Release|Any CPU.ActiveCfg = Release|Any CPU
		{CF9D185A-3E17-4D2B-9359-0C760F73FC4F}.Release|Any CPU.Build.0 = Release|Any CPU
		{F2EC83BA-4C9B-4A71-98A6-E826C4189527}.Debug|Any CPU.ActiveCfg = Debug|Any CPU
		{F2EC83BA-4C9B-4A71-98A6-E826C4189527}.Debug|Any CPU.Build.0 = Debug|Any CPU
		{F2EC83BA-4C9B-4A71-98A6-E826C4189527}.Release|Any CPU.ActiveCfg = Release|Any CPU
		{F2EC83BA-4C9B-4A71-98A6-E826C4189527}.Release|Any CPU.Build.0 = Release|Any CPU
		{0F7C06C8-455E-451A-9B5D-93B904F0F162}.Debug|Any CPU.ActiveCfg = Debug|Any CPU
		{0F7C06C8-455E-451A-9B5D-93B904F0F162}.Debug|Any CPU.Build.0 = Debug|Any CPU
		{0F7C06C8-455E-451A-9B5D-93B904F0F162}.Release|Any CPU.ActiveCfg = Release|Any CPU
		{0F7C06C8-455E-451A-9B5D-93B904F0F162}.Release|Any CPU.Build.0 = Release|Any CPU
	EndGlobalSection
	GlobalSection(SolutionProperties) = preSolution
		HideSolutionNode = FALSE
	EndGlobalSection
	GlobalSection(ExtensibilityGlobals) = postSolution
		SolutionGuid = {1321F510-E55F-4A39-9F38-59A8541F8DBA}
	EndGlobalSection
EndGlobal
